
Microsoft Visual Studio Solution File, Format Version 12.00
# Visual Studio Version 17
VisualStudioVersion = 17.2.32630.192
MinimumVisualStudioVersion = 10.0.40219.1
Project("{9A19103F-16F7-4668-BE54-9A1E7A4F7556}") = "App Development 1670", "App Development 1670.csproj", "{2407763D-3899-4292-89C3-DB493A147E1E}"
EndProject
Global
	GlobalSection(SolutionConfigurationPlatforms) = preSolution
		Debug|Any CPU = Debug|Any CPU
		Release|Any CPU = Release|Any CPU
	EndGlobalSection
	GlobalSection(ProjectConfigurationPlatforms) = postSolution
		{2407763D-3899-4292-89C3-DB493A147E1E}.Debug|Any CPU.ActiveCfg = Debug|Any CPU
		{2407763D-3899-4292-89C3-DB493A147E1E}.Debug|Any CPU.Build.0 = Debug|Any CPU
		{2407763D-3899-4292-89C3-DB493A147E1E}.Release|Any CPU.ActiveCfg = Release|Any CPU
		{2407763D-3899-4292-89C3-DB493A147E1E}.Release|Any CPU.Build.0 = Release|Any CPU
	EndGlobalSection
	GlobalSection(SolutionProperties) = preSolution
		HideSolutionNode = FALSE
	EndGlobalSection
	GlobalSection(ExtensibilityGlobals) = postSolution
		SolutionGuid = {2FBEB326-E62F-4286-BB17-2B6BD1312782}
	EndGlobalSection
EndGlobal
